// !$*UTF8*$!
{
	archiveVersion = 1;
	classes = {
	};
	objectVersion = 56;
	objects = {

/* Begin PBXBuildFile section */
		9822C73A2BAA14EA0065C5A2 /* FavoritesView.swift in Sources */ = {isa = PBXBuildFile; fileRef = 9822C7392BAA14EA0065C5A2 /* FavoritesView.swift */; };
		986BD0E32BA44249001BFEF4 /* JobSearchAppApp.swift in Sources */ = {isa = PBXBuildFile; fileRef = 986BD0E22BA44249001BFEF4 /* JobSearchAppApp.swift */; };
		986BD0E52BA44249001BFEF4 /* ContentView.swift in Sources */ = {isa = PBXBuildFile; fileRef = 986BD0E42BA44249001BFEF4 /* ContentView.swift */; };
		986BD0E72BA4424A001BFEF4 /* Assets.xcassets in Resources */ = {isa = PBXBuildFile; fileRef = 986BD0E62BA4424A001BFEF4 /* Assets.xcassets */; };
		986BD0EA2BA4424A001BFEF4 /* Preview Assets.xcassets in Resources */ = {isa = PBXBuildFile; fileRef = 986BD0E92BA4424A001BFEF4 /* Preview Assets.xcassets */; };
		986BD0F22BA44963001BFEF4 /* Colors.xcassets in Resources */ = {isa = PBXBuildFile; fileRef = 986BD0F12BA44963001BFEF4 /* Colors.xcassets */; };
		986BD0F82BA4515E001BFEF4 /* Typography.swift in Sources */ = {isa = PBXBuildFile; fileRef = 986BD0F72BA4515E001BFEF4 /* Typography.swift */; };
		986BD0FC2BA4578E001BFEF4 /* EnterOneView.swift in Sources */ = {isa = PBXBuildFile; fileRef = 986BD0FB2BA4578E001BFEF4 /* EnterOneView.swift */; };
		986BD0FE2BA4592D001BFEF4 /* IndividualAccountLoginView.swift in Sources */ = {isa = PBXBuildFile; fileRef = 986BD0FD2BA4592D001BFEF4 /* IndividualAccountLoginView.swift */; };
		986BD1002BA4658A001BFEF4 /* IndividualAccountLoginViewModel.swift in Sources */ = {isa = PBXBuildFile; fileRef = 986BD0FF2BA4658A001BFEF4 /* IndividualAccountLoginViewModel.swift */; };
		986BD1022BA5ABAD001BFEF4 /* EmployerAccountLoginView.swift in Sources */ = {isa = PBXBuildFile; fileRef = 986BD1012BA5ABAD001BFEF4 /* EmployerAccountLoginView.swift */; };
		986BD1052BA5AE16001BFEF4 /* JButton.swift in Sources */ = {isa = PBXBuildFile; fileRef = 986BD1042BA5AE16001BFEF4 /* JButton.swift */; };
		9870C7A02BA799CB0086088C /* EnterTwoView.swift in Sources */ = {isa = PBXBuildFile; fileRef = 9870C79F2BA799CB0086088C /* EnterTwoView.swift */; };
		987BAAB22BA855950063CDC1 /* EnterTwoViewModel.swift in Sources */ = {isa = PBXBuildFile; fileRef = 987BAAB12BA855950063CDC1 /* EnterTwoViewModel.swift */; };
		987BAAB52BA87EB70063CDC1 /* MainView.swift in Sources */ = {isa = PBXBuildFile; fileRef = 987BAAB42BA87EB70063CDC1 /* MainView.swift */; };
		987BAAB72BA87ECC0063CDC1 /* MainViewModel.swift in Sources */ = {isa = PBXBuildFile; fileRef = 987BAAB62BA87ECC0063CDC1 /* MainViewModel.swift */; };
		987BAAB92BA89EA50063CDC1 /* RecommendationsView.swift in Sources */ = {isa = PBXBuildFile; fileRef = 987BAAB82BA89EA50063CDC1 /* RecommendationsView.swift */; };
		987BAABB2BA8A6620063CDC1 /* VacancyPreview.swift in Sources */ = {isa = PBXBuildFile; fileRef = 987BAABA2BA8A6620063CDC1 /* VacancyPreview.swift */; };
		987BAABE2BA8A6900063CDC1 /* Model.swift in Sources */ = {isa = PBXBuildFile; fileRef = 987BAABD2BA8A6900063CDC1 /* Model.swift */; };
		987BAAC12BA8A88A0063CDC1 /* NetworkManager.swift in Sources */ = {isa = PBXBuildFile; fileRef = 987BAAC02BA8A88A0063CDC1 /* NetworkManager.swift */; };
		9894D4532BA9B387004C0595 /* VacancyView.swift in Sources */ = {isa = PBXBuildFile; fileRef = 9894D4522BA9B387004C0595 /* VacancyView.swift */; };
		9894D4552BA9B5EF004C0595 /* VacancyViewModel.swift in Sources */ = {isa = PBXBuildFile; fileRef = 9894D4542BA9B5EF004C0595 /* VacancyViewModel.swift */; };
/* End PBXBuildFile section */

/* Begin PBXFileReference section */
		9822C7392BAA14EA0065C5A2 /* FavoritesView.swift */ = {isa = PBXFileReference; lastKnownFileType = sourcecode.swift; path = FavoritesView.swift; sourceTree = "<group>"; };
		986BD0DF2BA44249001BFEF4 /* JobSearchApp.app */ = {isa = PBXFileReference; explicitFileType = wrapper.application; includeInIndex = 0; path = JobSearchApp.app; sourceTree = BUILT_PRODUCTS_DIR; };
		986BD0E22BA44249001BFEF4 /* JobSearchAppApp.swift */ = {isa = PBXFileReference; lastKnownFileType = sourcecode.swift; path = JobSearchAppApp.swift; sourceTree = "<group>"; };
		986BD0E42BA44249001BFEF4 /* ContentView.swift */ = {isa = PBXFileReference; lastKnownFileType = sourcecode.swift; path = ContentView.swift; sourceTree = "<group>"; };
		986BD0E62BA4424A001BFEF4 /* Assets.xcassets */ = {isa = PBXFileReference; lastKnownFileType = folder.assetcatalog; path = Assets.xcassets; sourceTree = "<group>"; };
		986BD0E92BA4424A001BFEF4 /* Preview Assets.xcassets */ = {isa = PBXFileReference; lastKnownFileType = folder.assetcatalog; path = "Preview Assets.xcassets"; sourceTree = "<group>"; };
		986BD0F12BA44963001BFEF4 /* Colors.xcassets */ = {isa = PBXFileReference; lastKnownFileType = folder.assetcatalog; path = Colors.xcassets; sourceTree = "<group>"; };
		986BD0F72BA4515E001BFEF4 /* Typography.swift */ = {isa = PBXFileReference; lastKnownFileType = sourcecode.swift; path = Typography.swift; sourceTree = "<group>"; };
		986BD0F92BA45603001BFEF4 /* Info.plist */ = {isa = PBXFileReference; lastKnownFileType = text.plist; path = Info.plist; sourceTree = "<group>"; };
		986BD0FB2BA4578E001BFEF4 /* EnterOneView.swift */ = {isa = PBXFileReference; lastKnownFileType = sourcecode.swift; path = EnterOneView.swift; sourceTree = "<group>"; };
		986BD0FD2BA4592D001BFEF4 /* IndividualAccountLoginView.swift */ = {isa = PBXFileReference; lastKnownFileType = sourcecode.swift; path = IndividualAccountLoginView.swift; sourceTree = "<group>"; };
		986BD0FF2BA4658A001BFEF4 /* IndividualAccountLoginViewModel.swift */ = {isa = PBXFileReference; lastKnownFileType = sourcecode.swift; path = IndividualAccountLoginViewModel.swift; sourceTree = "<group>"; };
		986BD1012BA5ABAD001BFEF4 /* EmployerAccountLoginView.swift */ = {isa = PBXFileReference; lastKnownFileType = sourcecode.swift; path = EmployerAccountLoginView.swift; sourceTree = "<group>"; };
		986BD1042BA5AE16001BFEF4 /* JButton.swift */ = {isa = PBXFileReference; lastKnownFileType = sourcecode.swift; path = JButton.swift; sourceTree = "<group>"; };
		9870C79F2BA799CB0086088C /* EnterTwoView.swift */ = {isa = PBXFileReference; lastKnownFileType = sourcecode.swift; path = EnterTwoView.swift; sourceTree = "<group>"; };
		987BAAB12BA855950063CDC1 /* EnterTwoViewModel.swift */ = {isa = PBXFileReference; lastKnownFileType = sourcecode.swift; path = EnterTwoViewModel.swift; sourceTree = "<group>"; };
		987BAAB42BA87EB70063CDC1 /* MainView.swift */ = {isa = PBXFileReference; lastKnownFileType = sourcecode.swift; path = MainView.swift; sourceTree = "<group>"; };
		987BAAB62BA87ECC0063CDC1 /* MainViewModel.swift */ = {isa = PBXFileReference; lastKnownFileType = sourcecode.swift; path = MainViewModel.swift; sourceTree = "<group>"; };
		987BAAB82BA89EA50063CDC1 /* RecommendationsView.swift */ = {isa = PBXFileReference; lastKnownFileType = sourcecode.swift; path = RecommendationsView.swift; sourceTree = "<group>"; };
		987BAABA2BA8A6620063CDC1 /* VacancyPreview.swift */ = {isa = PBXFileReference; lastKnownFileType = sourcecode.swift; path = VacancyPreview.swift; sourceTree = "<group>"; };
		987BAABD2BA8A6900063CDC1 /* Model.swift */ = {isa = PBXFileReference; lastKnownFileType = sourcecode.swift; path = Model.swift; sourceTree = "<group>"; };
		987BAAC02BA8A88A0063CDC1 /* NetworkManager.swift */ = {isa = PBXFileReference; lastKnownFileType = sourcecode.swift; path = NetworkManager.swift; sourceTree = "<group>"; };
		9894D4522BA9B387004C0595 /* VacancyView.swift */ = {isa = PBXFileReference; lastKnownFileType = sourcecode.swift; path = VacancyView.swift; sourceTree = "<group>"; };
		9894D4542BA9B5EF004C0595 /* VacancyViewModel.swift */ = {isa = PBXFileReference; lastKnownFileType = sourcecode.swift; path = VacancyViewModel.swift; sourceTree = "<group>"; };
/* End PBXFileReference section */

/* Begin PBXFrameworksBuildPhase section */
		986BD0DC2BA44249001BFEF4 /* Frameworks */ = {
			isa = PBXFrameworksBuildPhase;
			buildActionMask = 2147483647;
			files = (
			);
			runOnlyForDeploymentPostprocessing = 0;
		};
/* End PBXFrameworksBuildPhase section */

/* Begin PBXGroup section */
		9822C7382BAA14C30065C5A2 /* Favorites */ = {
			isa = PBXGroup;
			children = (
				9822C7392BAA14EA0065C5A2 /* FavoritesView.swift */,
			);
			path = Favorites;
			sourceTree = "<group>";
		};
		986BD0D62BA44249001BFEF4 = {
			isa = PBXGroup;
			children = (
				986BD0E12BA44249001BFEF4 /* JobSearchApp */,
				986BD0E02BA44249001BFEF4 /* Products */,
			);
			sourceTree = "<group>";
		};
		986BD0E02BA44249001BFEF4 /* Products */ = {
			isa = PBXGroup;
			children = (
				986BD0DF2BA44249001BFEF4 /* JobSearchApp.app */,
			);
			name = Products;
			sourceTree = "<group>";
		};
		986BD0E12BA44249001BFEF4 /* JobSearchApp */ = {
			isa = PBXGroup;
			children = (
				986BD0E22BA44249001BFEF4 /* JobSearchAppApp.swift */,
				986BD0E42BA44249001BFEF4 /* ContentView.swift */,
				986BD0FA2BA4577D001BFEF4 /* Enter */,
				987BAAB32BA87E730063CDC1 /* Main */,
				9822C7382BAA14C30065C5A2 /* Favorites */,
				987BAABF2BA8A86E0063CDC1 /* Services */,
				98F8EBBC2BAAF61D00180980 /* Model */,
				986BD0F02BA44857001BFEF4 /* Resources */,
				986BD0E82BA4424A001BFEF4 /* Preview Content */,
				986BD0F92BA45603001BFEF4 /* Info.plist */,
			);
			path = JobSearchApp;
			sourceTree = "<group>";
		};
		986BD0E82BA4424A001BFEF4 /* Preview Content */ = {
			isa = PBXGroup;
			children = (
				986BD0E92BA4424A001BFEF4 /* Preview Assets.xcassets */,
			);
			path = "Preview Content";
			sourceTree = "<group>";
		};
		986BD0F02BA44857001BFEF4 /* Resources */ = {
			isa = PBXGroup;
			children = (
				986BD1032BA5ADE9001BFEF4 /* Buttons */,
				986BD0F62BA45149001BFEF4 /* Fonts */,
				986BD0E62BA4424A001BFEF4 /* Assets.xcassets */,
				986BD0F12BA44963001BFEF4 /* Colors.xcassets */,
			);
			path = Resources;
			sourceTree = "<group>";
		};
		986BD0F62BA45149001BFEF4 /* Fonts */ = {
			isa = PBXGroup;
			children = (
				986BD0F72BA4515E001BFEF4 /* Typography.swift */,
			);
			path = Fonts;
			sourceTree = "<group>";
		};
		986BD0FA2BA4577D001BFEF4 /* Enter */ = {
			isa = PBXGroup;
			children = (
				987BAAAF2BA8555F0063CDC1 /* EnterOne */,
				987BAAB02BA855720063CDC1 /* EnterTwo */,
			);
			path = Enter;
			sourceTree = "<group>";
		};
		986BD1032BA5ADE9001BFEF4 /* Buttons */ = {
			isa = PBXGroup;
			children = (
				986BD1042BA5AE16001BFEF4 /* JButton.swift */,
			);
			path = Buttons;
			sourceTree = "<group>";
		};
		987BAAAF2BA8555F0063CDC1 /* EnterOne */ = {
			isa = PBXGroup;
			children = (
				986BD0FB2BA4578E001BFEF4 /* EnterOneView.swift */,
				986BD0FD2BA4592D001BFEF4 /* IndividualAccountLoginView.swift */,
				986BD0FF2BA4658A001BFEF4 /* IndividualAccountLoginViewModel.swift */,
				986BD1012BA5ABAD001BFEF4 /* EmployerAccountLoginView.swift */,
			);
			path = EnterOne;
			sourceTree = "<group>";
		};
		987BAAB02BA855720063CDC1 /* EnterTwo */ = {
			isa = PBXGroup;
			children = (
				9870C79F2BA799CB0086088C /* EnterTwoView.swift */,
				987BAAB12BA855950063CDC1 /* EnterTwoViewModel.swift */,
			);
			path = EnterTwo;
			sourceTree = "<group>";
		};
		987BAAB32BA87E730063CDC1 /* Main */ = {
			isa = PBXGroup;
			children = (
				987BAAB42BA87EB70063CDC1 /* MainView.swift */,
				987BAAB62BA87ECC0063CDC1 /* MainViewModel.swift */,
				987BAAB82BA89EA50063CDC1 /* RecommendationsView.swift */,
				987BAABC2BA8A6760063CDC1 /* Vacancy */,
			);
			path = Main;
			sourceTree = "<group>";
		};
		987BAABC2BA8A6760063CDC1 /* Vacancy */ = {
			isa = PBXGroup;
			children = (
				987BAABA2BA8A6620063CDC1 /* VacancyPreview.swift */,
				9894D4522BA9B387004C0595 /* VacancyView.swift */,
				9894D4542BA9B5EF004C0595 /* VacancyViewModel.swift */,
			);
			path = Vacancy;
			sourceTree = "<group>";
		};
		987BAABF2BA8A86E0063CDC1 /* Services */ = {
			isa = PBXGroup;
			children = (
				987BAAC02BA8A88A0063CDC1 /* NetworkManager.swift */,
			);
			path = Services;
			sourceTree = "<group>";
		};
		98F8EBBC2BAAF61D00180980 /* Model */ = {
			isa = PBXGroup;
			children = (
				987BAABD2BA8A6900063CDC1 /* Model.swift */,
			);
			path = Model;
			sourceTree = "<group>";
		};
/* End PBXGroup section */

/* Begin PBXNativeTarget section */
		986BD0DE2BA44249001BFEF4 /* JobSearchApp */ = {
			isa = PBXNativeTarget;
			buildConfigurationList = 986BD0ED2BA4424A001BFEF4 /* Build configuration list for PBXNativeTarget "JobSearchApp" */;
			buildPhases = (
				986BD0DB2BA44249001BFEF4 /* Sources */,
				986BD0DC2BA44249001BFEF4 /* Frameworks */,
				986BD0DD2BA44249001BFEF4 /* Resources */,
			);
			buildRules = (
			);
			dependencies = (
			);
			name = JobSearchApp;
			productName = JobSearchApp;
			productReference = 986BD0DF2BA44249001BFEF4 /* JobSearchApp.app */;
			productType = "com.apple.product-type.application";
		};
/* End PBXNativeTarget section */

/* Begin PBXProject section */
		986BD0D72BA44249001BFEF4 /* Project object */ = {
			isa = PBXProject;
			attributes = {
				BuildIndependentTargetsInParallel = 1;
				LastSwiftUpdateCheck = 1500;
				LastUpgradeCheck = 1500;
				TargetAttributes = {
					986BD0DE2BA44249001BFEF4 = {
						CreatedOnToolsVersion = 15.0;
					};
				};
			};
			buildConfigurationList = 986BD0DA2BA44249001BFEF4 /* Build configuration list for PBXProject "JobSearchApp" */;
			compatibilityVersion = "Xcode 14.0";
			developmentRegion = en;
			hasScannedForEncodings = 0;
			knownRegions = (
				en,
				Base,
			);
			mainGroup = 986BD0D62BA44249001BFEF4;
			productRefGroup = 986BD0E02BA44249001BFEF4 /* Products */;
			projectDirPath = "";
			projectRoot = "";
			targets = (
				986BD0DE2BA44249001BFEF4 /* JobSearchApp */,
			);
		};
/* End PBXProject section */

/* Begin PBXResourcesBuildPhase section */
		986BD0DD2BA44249001BFEF4 /* Resources */ = {
			isa = PBXResourcesBuildPhase;
			buildActionMask = 2147483647;
			files = (
				986BD0F22BA44963001BFEF4 /* Colors.xcassets in Resources */,
				986BD0EA2BA4424A001BFEF4 /* Preview Assets.xcassets in Resources */,
				986BD0E72BA4424A001BFEF4 /* Assets.xcassets in Resources */,
			);
			runOnlyForDeploymentPostprocessing = 0;
		};
/* End PBXResourcesBuildPhase section */

/* Begin PBXSourcesBuildPhase section */
		986BD0DB2BA44249001BFEF4 /* Sources */ = {
			isa = PBXSourcesBuildPhase;
			buildActionMask = 2147483647;
			files = (
				9822C73A2BAA14EA0065C5A2 /* FavoritesView.swift in Sources */,
				986BD1022BA5ABAD001BFEF4 /* EmployerAccountLoginView.swift in Sources */,
				986BD0FE2BA4592D001BFEF4 /* IndividualAccountLoginView.swift in Sources */,
				986BD0E52BA44249001BFEF4 /* ContentView.swift in Sources */,
				986BD0F82BA4515E001BFEF4 /* Typography.swift in Sources */,
				987BAAC12BA8A88A0063CDC1 /* NetworkManager.swift in Sources */,
				986BD1002BA4658A001BFEF4 /* IndividualAccountLoginViewModel.swift in Sources */,
				987BAAB92BA89EA50063CDC1 /* RecommendationsView.swift in Sources */,
				986BD0E32BA44249001BFEF4 /* JobSearchAppApp.swift in Sources */,
				9894D4532BA9B387004C0595 /* VacancyView.swift in Sources */,
				987BAAB22BA855950063CDC1 /* EnterTwoViewModel.swift in Sources */,
				987BAABE2BA8A6900063CDC1 /* Model.swift in Sources */,
				987BAAB52BA87EB70063CDC1 /* MainView.swift in Sources */,
				9870C7A02BA799CB0086088C /* EnterTwoView.swift in Sources */,
				987BAABB2BA8A6620063CDC1 /* VacancyPreview.swift in Sources */,
				986BD1052BA5AE16001BFEF4 /* JButton.swift in Sources */,
				986BD0FC2BA4578E001BFEF4 /* EnterOneView.swift in Sources */,
				987BAAB72BA87ECC0063CDC1 /* MainViewModel.swift in Sources */,
				9894D4552BA9B5EF004C0595 /* VacancyViewModel.swift in Sources */,
			);
			runOnlyForDeploymentPostprocessing = 0;
		};
/* End PBXSourcesBuildPhase section */

/* Begin XCBuildConfiguration section */
		986BD0EB2BA4424A001BFEF4 /* Debug */ = {
			isa = XCBuildConfiguration;
			buildSettings = {
				ALWAYS_SEARCH_USER_PATHS = NO;
				ASSETCATALOG_COMPILER_GENERATE_SWIFT_ASSET_SYMBOL_EXTENSIONS = YES;
				CLANG_ANALYZER_NONNULL = YES;
				CLANG_ANALYZER_NUMBER_OBJECT_CONVERSION = YES_AGGRESSIVE;
				CLANG_CXX_LANGUAGE_STANDARD = "gnu++20";
				CLANG_ENABLE_MODULES = YES;
				CLANG_ENABLE_OBJC_ARC = YES;
				CLANG_ENABLE_OBJC_WEAK = YES;
				CLANG_WARN_BLOCK_CAPTURE_AUTORELEASING = YES;
				CLANG_WARN_BOOL_CONVERSION = YES;
				CLANG_WARN_COMMA = YES;
				CLANG_WARN_CONSTANT_CONVERSION = YES;
				CLANG_WARN_DEPRECATED_OBJC_IMPLEMENTATIONS = YES;
				CLANG_WARN_DIRECT_OBJC_ISA_USAGE = YES_ERROR;
				CLANG_WARN_DOCUMENTATION_COMMENTS = YES;
				CLANG_WARN_EMPTY_BODY = YES;
				CLANG_WARN_ENUM_CONVERSION = YES;
				CLANG_WARN_INFINITE_RECURSION = YES;
				CLANG_WARN_INT_CONVERSION = YES;
				CLANG_WARN_NON_LITERAL_NULL_CONVERSION = YES;
				CLANG_WARN_OBJC_IMPLICIT_RETAIN_SELF = YES;
				CLANG_WARN_OBJC_LITERAL_CONVERSION = YES;
				CLANG_WARN_OBJC_ROOT_CLASS = YES_ERROR;
				CLANG_WARN_QUOTED_INCLUDE_IN_FRAMEWORK_HEADER = YES;
				CLANG_WARN_RANGE_LOOP_ANALYSIS = YES;
				CLANG_WARN_STRICT_PROTOTYPES = YES;
				CLANG_WARN_SUSPICIOUS_MOVE = YES;
				CLANG_WARN_UNGUARDED_AVAILABILITY = YES_AGGRESSIVE;
				CLANG_WARN_UNREACHABLE_CODE = YES;
				CLANG_WARN__DUPLICATE_METHOD_MATCH = YES;
				COPY_PHASE_STRIP = NO;
				DEBUG_INFORMATION_FORMAT = dwarf;
				ENABLE_STRICT_OBJC_MSGSEND = YES;
				ENABLE_TESTABILITY = YES;
				ENABLE_USER_SCRIPT_SANDBOXING = YES;
				GCC_C_LANGUAGE_STANDARD = gnu17;
				GCC_DYNAMIC_NO_PIC = NO;
				GCC_NO_COMMON_BLOCKS = YES;
				GCC_OPTIMIZATION_LEVEL = 0;
				GCC_PREPROCESSOR_DEFINITIONS = (
					"DEBUG=1",
					"$(inherited)",
				);
				GCC_WARN_64_TO_32_BIT_CONVERSION = YES;
				GCC_WARN_ABOUT_RETURN_TYPE = YES_ERROR;
				GCC_WARN_UNDECLARED_SELECTOR = YES;
				GCC_WARN_UNINITIALIZED_AUTOS = YES_AGGRESSIVE;
				GCC_WARN_UNUSED_FUNCTION = YES;
				GCC_WARN_UNUSED_VARIABLE = YES;
				IPHONEOS_DEPLOYMENT_TARGET = 17.0;
				LOCALIZATION_PREFERS_STRING_CATALOGS = YES;
				MTL_ENABLE_DEBUG_INFO = INCLUDE_SOURCE;
				MTL_FAST_MATH = YES;
				ONLY_ACTIVE_ARCH = YES;
				SDKROOT = iphoneos;
				SWIFT_ACTIVE_COMPILATION_CONDITIONS = "DEBUG $(inherited)";
				SWIFT_OPTIMIZATION_LEVEL = "-Onone";
			};
			name = Debug;
		};
		986BD0EC2BA4424A001BFEF4 /* Release */ = {
			isa = XCBuildConfiguration;
			buildSettings = {
				ALWAYS_SEARCH_USER_PATHS = NO;
				ASSETCATALOG_COMPILER_GENERATE_SWIFT_ASSET_SYMBOL_EXTENSIONS = YES;
				CLANG_ANALYZER_NONNULL = YES;
				CLANG_ANALYZER_NUMBER_OBJECT_CONVERSION = YES_AGGRESSIVE;
				CLANG_CXX_LANGUAGE_STANDARD = "gnu++20";
				CLANG_ENABLE_MODULES = YES;
				CLANG_ENABLE_OBJC_ARC = YES;
				CLANG_ENABLE_OBJC_WEAK = YES;
				CLANG_WARN_BLOCK_CAPTURE_AUTORELEASING = YES;
				CLANG_WARN_BOOL_CONVERSION = YES;
				CLANG_WARN_COMMA = YES;
				CLANG_WARN_CONSTANT_CONVERSION = YES;
				CLANG_WARN_DEPRECATED_OBJC_IMPLEMENTATIONS = YES;
				CLANG_WARN_DIRECT_OBJC_ISA_USAGE = YES_ERROR;
				CLANG_WARN_DOCUMENTATION_COMMENTS = YES;
				CLANG_WARN_EMPTY_BODY = YES;
				CLANG_WARN_ENUM_CONVERSION = YES;
				CLANG_WARN_INFINITE_RECURSION = YES;
				CLANG_WARN_INT_CONVERSION = YES;
				CLANG_WARN_NON_LITERAL_NULL_CONVERSION = YES;
				CLANG_WARN_OBJC_IMPLICIT_RETAIN_SELF = YES;
				CLANG_WARN_OBJC_LITERAL_CONVERSION = YES;
				CLANG_WARN_OBJC_ROOT_CLASS = YES_ERROR;
				CLANG_WARN_QUOTED_INCLUDE_IN_FRAMEWORK_HEADER = YES;
				CLANG_WARN_RANGE_LOOP_ANALYSIS = YES;
				CLANG_WARN_STRICT_PROTOTYPES = YES;
				CLANG_WARN_SUSPICIOUS_MOVE = YES;
				CLANG_WARN_UNGUARDED_AVAILABILITY = YES_AGGRESSIVE;
				CLANG_WARN_UNREACHABLE_CODE = YES;
				CLANG_WARN__DUPLICATE_METHOD_MATCH = YES;
				COPY_PHASE_STRIP = NO;
				DEBUG_INFORMATION_FORMAT = "dwarf-with-dsym";
				ENABLE_NS_ASSERTIONS = NO;
				ENABLE_STRICT_OBJC_MSGSEND = YES;
				ENABLE_USER_SCRIPT_SANDBOXING = YES;
				GCC_C_LANGUAGE_STANDARD = gnu17;
				GCC_NO_COMMON_BLOCKS = YES;
				GCC_WARN_64_TO_32_BIT_CONVERSION = YES;
				GCC_WARN_ABOUT_RETURN_TYPE = YES_ERROR;
				GCC_WARN_UNDECLARED_SELECTOR = YES;
				GCC_WARN_UNINITIALIZED_AUTOS = YES_AGGRESSIVE;
				GCC_WARN_UNUSED_FUNCTION = YES;
				GCC_WARN_UNUSED_VARIABLE = YES;
				IPHONEOS_DEPLOYMENT_TARGET = 17.0;
				LOCALIZATION_PREFERS_STRING_CATALOGS = YES;
				MTL_ENABLE_DEBUG_INFO = NO;
				MTL_FAST_MATH = YES;
				SDKROOT = iphoneos;
				SWIFT_COMPILATION_MODE = wholemodule;
				VALIDATE_PRODUCT = YES;
			};
			name = Release;
		};
		986BD0EE2BA4424A001BFEF4 /* Debug */ = {
			isa = XCBuildConfiguration;
			buildSettings = {
				ASSETCATALOG_COMPILER_APPICON_NAME = AppIcon;
				ASSETCATALOG_COMPILER_GLOBAL_ACCENT_COLOR_NAME = AccentColor;
				CODE_SIGN_STYLE = Automatic;
				CURRENT_PROJECT_VERSION = 1;
				DEVELOPMENT_ASSET_PATHS = "\"JobSearchApp/Preview Content\"";
				DEVELOPMENT_TEAM = 322ZC3L759;
				ENABLE_PREVIEWS = YES;
				GENERATE_INFOPLIST_FILE = YES;
				INFOPLIST_FILE = JobSearchApp/Info.plist;
				INFOPLIST_KEY_UIApplicationSceneManifest_Generation = YES;
				INFOPLIST_KEY_UIApplicationSupportsIndirectInputEvents = YES;
				INFOPLIST_KEY_UILaunchScreen_Generation = YES;
				INFOPLIST_KEY_UISupportedInterfaceOrientations = UIInterfaceOrientationPortrait;
				INFOPLIST_KEY_UISupportedInterfaceOrientations_iPad = "UIInterfaceOrientationLandscapeLeft UIInterfaceOrientationLandscapeRight UIInterfaceOrientationPortrait UIInterfaceOrientationPortraitUpsideDown";
				LD_RUNPATH_SEARCH_PATHS = (
					"$(inherited)",
					"@executable_path/Frameworks",
				);
				MARKETING_VERSION = 1.0;
				PRODUCT_BUNDLE_IDENTIFIER = Irek.JobSearchApp;
				PRODUCT_NAME = "$(TARGET_NAME)";
				SWIFT_EMIT_LOC_STRINGS = YES;
				SWIFT_VERSION = 5.0;
				TARGETED_DEVICE_FAMILY = "1,2";
			};
			name = Debug;
		};
		986BD0EF2BA4424A001BFEF4 /* Release */ = {
			isa = XCBuildConfiguration;
			buildSettings = {
				ASSETCATALOG_COMPILER_APPICON_NAME = AppIcon;
				ASSETCATALOG_COMPILER_GLOBAL_ACCENT_COLOR_NAME = AccentColor;
				CODE_SIGN_STYLE = Automatic;
				CURRENT_PROJECT_VERSION = 1;
				DEVELOPMENT_ASSET_PATHS = "\"JobSearchApp/Preview Content\"";
				DEVELOPMENT_TEAM = 322ZC3L759;
				ENABLE_PREVIEWS = YES;
				GENERATE_INFOPLIST_FILE = YES;
				INFOPLIST_FILE = JobSearchApp/Info.plist;
				INFOPLIST_KEY_UIApplicationSceneManifest_Generation = YES;
				INFOPLIST_KEY_UIApplicationSupportsIndirectInputEvents = YES;
				INFOPLIST_KEY_UILaunchScreen_Generation = YES;
				INFOPLIST_KEY_UISupportedInterfaceOrientations = UIInterfaceOrientationPortrait;
				INFOPLIST_KEY_UISupportedInterfaceOrientations_iPad = "UIInterfaceOrientationLandscapeLeft UIInterfaceOrientationLandscapeRight UIInterfaceOrientationPortrait UIInterfaceOrientationPortraitUpsideDown";
				LD_RUNPATH_SEARCH_PATHS = (
					"$(inherited)",
					"@executable_path/Frameworks",
				);
				MARKETING_VERSION = 1.0;
				PRODUCT_BUNDLE_IDENTIFIER = Irek.JobSearchApp;
				PRODUCT_NAME = "$(TARGET_NAME)";
				SWIFT_EMIT_LOC_STRINGS = YES;
				SWIFT_VERSION = 5.0;
				TARGETED_DEVICE_FAMILY = "1,2";
			};
			name = Release;
		};
/* End XCBuildConfiguration section */

/* Begin XCConfigurationList section */
		986BD0DA2BA44249001BFEF4 /* Build configuration list for PBXProject "JobSearchApp" */ = {
			isa = XCConfigurationList;
			buildConfigurations = (
				986BD0EB2BA4424A001BFEF4 /* Debug */,
				986BD0EC2BA4424A001BFEF4 /* Release */,
			);
			defaultConfigurationIsVisible = 0;
			defaultConfigurationName = Release;
		};
		986BD0ED2BA4424A001BFEF4 /* Build configuration list for PBXNativeTarget "JobSearchApp" */ = {
			isa = XCConfigurationList;
			buildConfigurations = (
				986BD0EE2BA4424A001BFEF4 /* Debug */,
				986BD0EF2BA4424A001BFEF4 /* Release */,
			);
			defaultConfigurationIsVisible = 0;
			defaultConfigurationName = Release;
		};
/* End XCConfigurationList section */
	};
	rootObject = 986BD0D72BA44249001BFEF4 /* Project object */;
}
